// !$*UTF8*$!
{
	archiveVersion = 1;
	classes = {
	};
	objectVersion = 46;
	objects = {

/* Begin PBXBuildFile section */
		EDE886E11F21182700634B07 /* main.m in Sources */ = {isa = PBXBuildFile; fileRef = EDE886E01F21182700634B07 /* main.m */; };
		EDE886E41F21182700634B07 /* AppDelegate.m in Sources */ = {isa = PBXBuildFile; fileRef = EDE886E31F21182700634B07 /* AppDelegate.m */; };
		EDE886E71F21182700634B07 /* ViewController.m in Sources */ = {isa = PBXBuildFile; fileRef = EDE886E61F21182700634B07 /* ViewController.m */; };
		EDE886EA1F21182700634B07 /* Main.storyboard in Resources */ = {isa = PBXBuildFile; fileRef = EDE886E81F21182700634B07 /* Main.storyboard */; };
		EDE886ED1F21182700634B07 /* Receipts__.xcdatamodeld in Sources */ = {isa = PBXBuildFile; fileRef = EDE886EB1F21182700634B07 /* Receipts__.xcdatamodeld */; };
		EDE886EF1F21182700634B07 /* Assets.xcassets in Resources */ = {isa = PBXBuildFile; fileRef = EDE886EE1F21182700634B07 /* Assets.xcassets */; };
		EDE886F21F21182700634B07 /* LaunchScreen.storyboard in Resources */ = {isa = PBXBuildFile; fileRef = EDE886F01F21182700634B07 /* LaunchScreen.storyboard */; };
		EDE886FB1F211BD700634B07 /* Receipt.m in Sources */ = {isa = PBXBuildFile; fileRef = EDE886FA1F211BD700634B07 /* Receipt.m */; };
		EDE886FE1F211EC000634B07 /* AddReceiptsViewController.m in Sources */ = {isa = PBXBuildFile; fileRef = EDE886FD1F211EC000634B07 /* AddReceiptsViewController.m */; };
/* End PBXBuildFile section */

/* Begin PBXFileReference section */
		EDE886DC1F21182700634B07 /* Receipts++.app */ = {isa = PBXFileReference; explicitFileType = wrapper.application; includeInIndex = 0; path = "Receipts++.app"; sourceTree = BUILT_PRODUCTS_DIR; };
		EDE886E01F21182700634B07 /* main.m */ = {isa = PBXFileReference; lastKnownFileType = sourcecode.c.objc; path = main.m; sourceTree = "<group>"; };
		EDE886E21F21182700634B07 /* AppDelegate.h */ = {isa = PBXFileReference; lastKnownFileType = sourcecode.c.h; path = AppDelegate.h; sourceTree = "<group>"; };
		EDE886E31F21182700634B07 /* AppDelegate.m */ = {isa = PBXFileReference; lastKnownFileType = sourcecode.c.objc; path = AppDelegate.m; sourceTree = "<group>"; };
		EDE886E51F21182700634B07 /* ViewController.h */ = {isa = PBXFileReference; lastKnownFileType = sourcecode.c.h; path = ViewController.h; sourceTree = "<group>"; };
		EDE886E61F21182700634B07 /* ViewController.m */ = {isa = PBXFileReference; lastKnownFileType = sourcecode.c.objc; path = ViewController.m; sourceTree = "<group>"; };
		EDE886E91F21182700634B07 /* Base */ = {isa = PBXFileReference; lastKnownFileType = file.storyboard; name = Base; path = Base.lproj/Main.storyboard; sourceTree = "<group>"; };
		EDE886EC1F21182700634B07 /* Receipts__.xcdatamodel */ = {isa = PBXFileReference; lastKnownFileType = wrapper.xcdatamodel; path = Receipts__.xcdatamodel; sourceTree = "<group>"; };
		EDE886EE1F21182700634B07 /* Assets.xcassets */ = {isa = PBXFileReference; lastKnownFileType = folder.assetcatalog; path = Assets.xcassets; sourceTree = "<group>"; };
		EDE886F11F21182700634B07 /* Base */ = {isa = PBXFileReference; lastKnownFileType = file.storyboard; name = Base; path = Base.lproj/LaunchScreen.storyboard; sourceTree = "<group>"; };
		EDE886F31F21182700634B07 /* Info.plist */ = {isa = PBXFileReference; lastKnownFileType = text.plist.xml; path = Info.plist; sourceTree = "<group>"; };
		EDE886F91F211BD700634B07 /* Receipt.h */ = {isa = PBXFileReference; fileEncoding = 4; lastKnownFileType = sourcecode.c.h; path = Receipt.h; sourceTree = "<group>"; };
		EDE886FA1F211BD700634B07 /* Receipt.m */ = {isa = PBXFileReference; fileEncoding = 4; lastKnownFileType = sourcecode.c.objc; path = Receipt.m; sourceTree = "<group>"; };
		EDE886FC1F211EC000634B07 /* AddReceiptsViewController.h */ = {isa = PBXFileReference; fileEncoding = 4; lastKnownFileType = sourcecode.c.h; path = AddReceiptsViewController.h; sourceTree = "<group>"; };
		EDE886FD1F211EC000634B07 /* AddReceiptsViewController.m */ = {isa = PBXFileReference; fileEncoding = 4; lastKnownFileType = sourcecode.c.objc; path = AddReceiptsViewController.m; sourceTree = "<group>"; };
/* End PBXFileReference section */

/* Begin PBXFrameworksBuildPhase section */
		EDE886D91F21182700634B07 /* Frameworks */ = {
			isa = PBXFrameworksBuildPhase;
			buildActionMask = 2147483647;
			files = (
			);
			runOnlyForDeploymentPostprocessing = 0;
		};
/* End PBXFrameworksBuildPhase section */

/* Begin PBXGroup section */
		EDE886D31F21182700634B07 = {
			isa = PBXGroup;
			children = (
				EDE886DE1F21182700634B07 /* Receipts++ */,
				EDE886DD1F21182700634B07 /* Products */,
			);
			sourceTree = "<group>";
		};
		EDE886DD1F21182700634B07 /* Products */ = {
			isa = PBXGroup;
			children = (
				EDE886DC1F21182700634B07 /* Receipts++.app */,
			);
			name = Products;
			sourceTree = "<group>";
		};
		EDE886DE1F21182700634B07 /* Receipts++ */ = {
			isa = PBXGroup;
			children = (
				EDE886E21F21182700634B07 /* AppDelegate.h */,
				EDE886E31F21182700634B07 /* AppDelegate.m */,
				EDE886E51F21182700634B07 /* ViewController.h */,
				EDE886E61F21182700634B07 /* ViewController.m */,
				EDE886FC1F211EC000634B07 /* AddReceiptsViewController.h */,
				EDE886FD1F211EC000634B07 /* AddReceiptsViewController.m */,
				EDE886E81F21182700634B07 /* Main.storyboard */,
				EDE886F91F211BD700634B07 /* Receipt.h */,
				EDE886FA1F211BD700634B07 /* Receipt.m */,
				EDE886EE1F21182700634B07 /* Assets.xcassets */,
				EDE886F01F21182700634B07 /* LaunchScreen.storyboard */,
				EDE886F31F21182700634B07 /* Info.plist */,
				EDE886EB1F21182700634B07 /* Receipts__.xcdatamodeld */,
				EDE886DF1F21182700634B07 /* Supporting Files */,
			);
			path = "Receipts++";
			sourceTree = "<group>";
		};
		EDE886DF1F21182700634B07 /* Supporting Files */ = {
			isa = PBXGroup;
			children = (
				EDE886E01F21182700634B07 /* main.m */,
			);
			name = "Supporting Files";
			sourceTree = "<group>";
		};
/* End PBXGroup section */

/* Begin PBXNativeTarget section */
		EDE886DB1F21182700634B07 /* Receipts++ */ = {
			isa = PBXNativeTarget;
			buildConfigurationList = EDE886F61F21182800634B07 /* Build configuration list for PBXNativeTarget "Receipts++" */;
			buildPhases = (
				EDE886D81F21182700634B07 /* Sources */,
				EDE886D91F21182700634B07 /* Frameworks */,
				EDE886DA1F21182700634B07 /* Resources */,
			);
			buildRules = (
			);
			dependencies = (
			);
			name = "Receipts++";
			productName = "Receipts++";
			productReference = EDE886DC1F21182700634B07 /* Receipts++.app */;
			productType = "com.apple.product-type.application";
		};
/* End PBXNativeTarget section */

/* Begin PBXProject section */
		EDE886D41F21182700634B07 /* Project object */ = {
			isa = PBXProject;
			attributes = {
				LastUpgradeCheck = 0830;
				ORGANIZATIONNAME = Shreve.ca;
				TargetAttributes = {
					EDE886DB1F21182700634B07 = {
						CreatedOnToolsVersion = 8.3.3;
						DevelopmentTeam = 294FN9LFDB;
						ProvisioningStyle = Automatic;
					};
				};
			};
			buildConfigurationList = EDE886D71F21182700634B07 /* Build configuration list for PBXProject "Receipts++" */;
			compatibilityVersion = "Xcode 3.2";
			developmentRegion = English;
			hasScannedForEncodings = 0;
			knownRegions = (
				en,
				Base,
			);
			mainGroup = EDE886D31F21182700634B07;
			productRefGroup = EDE886DD1F21182700634B07 /* Products */;
			projectDirPath = "";
			projectRoot = "";
			targets = (
				EDE886DB1F21182700634B07 /* Receipts++ */,
			);
		};
/* End PBXProject section */

/* Begin PBXResourcesBuildPhase section */
		EDE886DA1F21182700634B07 /* Resources */ = {
			isa = PBXResourcesBuildPhase;
			buildActionMask = 2147483647;
			files = (
				EDE886F21F21182700634B07 /* LaunchScreen.storyboard in Resources */,
				EDE886EF1F21182700634B07 /* Assets.xcassets in Resources */,
				EDE886EA1F21182700634B07 /* Main.storyboard in Resources */,
			);
			runOnlyForDeploymentPostprocessing = 0;
		};
/* End PBXResourcesBuildPhase section */

/* Begin PBXSourcesBuildPhase section */
		EDE886D81F21182700634B07 /* Sources */ = {
			isa = PBXSourcesBuildPhase;
			buildActionMask = 2147483647;
			files = (
				EDE886ED1F21182700634B07 /* Receipts__.xcdatamodeld in Sources */,
				EDE886FE1F211EC000634B07 /* AddReceiptsViewController.m in Sources */,
				EDE886FB1F211BD700634B07 /* Receipt.m in Sources */,
				EDE886E71F21182700634B07 /* ViewController.m in Sources */,
				EDE886E41F21182700634B07 /* AppDelegate.m in Sources */,
				EDE886E11F21182700634B07 /* main.m in Sources */,
			);
			runOnlyForDeploymentPostprocessing = 0;
		};
/* End PBXSourcesBuildPhase section */

/* Begin PBXVariantGroup section */
		EDE886E81F21182700634B07 /* Main.storyboard */ = {
			isa = PBXVariantGroup;
			children = (
				EDE886E91F21182700634B07 /* Base */,
			);
			name = Main.storyboard;
			sourceTree = "<group>";
		};
		EDE886F01F21182700634B07 /* LaunchScreen.storyboard */ = {
			isa = PBXVariantGroup;
			children = (
				EDE886F11F21182700634B07 /* Base */,
			);
			name = LaunchScreen.storyboard;
			sourceTree = "<group>";
		};
/* End PBXVariantGroup section */

/* Begin XCBuildConfiguration section */
		EDE886F41F21182800634B07 /* Debug */ = {
			isa = XCBuildConfiguration;
			buildSettings = {
				ALWAYS_SEARCH_USER_PATHS = NO;
				CLANG_ANALYZER_NONNULL = YES;
				CLANG_ANALYZER_NUMBER_OBJECT_CONVERSION = YES_AGGRESSIVE;
				CLANG_CXX_LANGUAGE_STANDARD = "gnu++0x";
				CLANG_CXX_LIBRARY = "libc++";
				CLANG_ENABLE_MODULES = YES;
				CLANG_ENABLE_OBJC_ARC = YES;
				CLANG_WARN_BOOL_CONVERSION = YES;
				CLANG_WARN_CONSTANT_CONVERSION = YES;
				CLANG_WARN_DIRECT_OBJC_ISA_USAGE = YES_ERROR;
				CLANG_WARN_DOCUMENTATION_COMMENTS = YES;
				CLANG_WARN_EMPTY_BODY = YES;
				CLANG_WARN_ENUM_CONVERSION = YES;
				CLANG_WARN_INFINITE_RECURSION = YES;
				CLANG_WARN_INT_CONVERSION = YES;
				CLANG_WARN_OBJC_ROOT_CLASS = YES_ERROR;
				CLANG_WARN_SUSPICIOUS_MOVE = YES;
				CLANG_WARN_UNREACHABLE_CODE = YES;
				CLANG_WARN__DUPLICATE_METHOD_MATCH = YES;
				"CODE_SIGN_IDENTITY[sdk=iphoneos*]" = "iPhone Developer";
				COPY_PHASE_STRIP = NO;
				DEBUG_INFORMATION_FORMAT = dwarf;
				ENABLE_STRICT_OBJC_MSGSEND = YES;
				ENABLE_TESTABILITY = YES;
				GCC_C_LANGUAGE_STANDARD = gnu99;
				GCC_DYNAMIC_NO_PIC = NO;
				GCC_NO_COMMON_BLOCKS = YES;
				GCC_OPTIMIZATION_LEVEL = 0;
				GCC_PREPROCESSOR_DEFINITIONS = (
					"DEBUG=1",
					"$(inherited)",
				);
				GCC_WARN_64_TO_32_BIT_CONVERSION = YES;
				GCC_WARN_ABOUT_RETURN_TYPE = YES_ERROR;
				GCC_WARN_UNDECLARED_SELECTOR = YES;
				GCC_WARN_UNINITIALIZED_AUTOS = YES_AGGRESSIVE;
				GCC_WARN_UNUSED_FUNCTION = YES;
				GCC_WARN_UNUSED_VARIABLE = YES;
				IPHONEOS_DEPLOYMENT_TARGET = 10.3;
				MTL_ENABLE_DEBUG_INFO = YES;
				ONLY_ACTIVE_ARCH = YES;
				SDKROOT = iphoneos;
				TARGETED_DEVICE_FAMILY = "1,2";
			};
			name = Debug;
		};
		EDE886F51F21182800634B07 /* Release */ = {
			isa = XCBuildConfiguration;
			buildSettings = {
				ALWAYS_SEARCH_USER_PATHS = NO;
				CLANG_ANALYZER_NONNULL = YES;
				CLANG_ANALYZER_NUMBER_OBJECT_CONVERSION = YES_AGGRESSIVE;
				CLANG_CXX_LANGUAGE_STANDARD = "gnu++0x";
				CLANG_CXX_LIBRARY = "libc++";
				CLANG_ENABLE_MODULES = YES;
				CLANG_ENABLE_OBJC_ARC = YES;
				CLANG_WARN_BOOL_CONVERSION = YES;
				CLANG_WARN_CONSTANT_CONVERSION = YES;
				CLANG_WARN_DIRECT_OBJC_ISA_USAGE = YES_ERROR;
				CLANG_WARN_DOCUMENTATION_COMMENTS = YES;
				CLANG_WARN_EMPTY_BODY = YES;
				CLANG_WARN_ENUM_CONVERSION = YES;
				CLANG_WARN_INFINITE_RECURSION = YES;
				CLANG_WARN_INT_CONVERSION = YES;
				CLANG_WARN_OBJC_ROOT_CLASS = YES_ERROR;
				CLANG_WARN_SUSPICIOUS_MOVE = YES;
				CLANG_WARN_UNREACHABLE_CODE = YES;
				CLANG_WARN__DUPLICATE_METHOD_MATCH = YES;
				"CODE_SIGN_IDENTITY[sdk=iphoneos*]" = "iPhone Developer";
				COPY_PHASE_STRIP = NO;
				DEBUG_INFORMATION_FORMAT = "dwarf-with-dsym";
				ENABLE_NS_ASSERTIONS = NO;
				ENABLE_STRICT_OBJC_MSGSEND = YES;
				GCC_C_LANGUAGE_STANDARD = gnu99;
				GCC_NO_COMMON_BLOCKS = YES;
				GCC_WARN_64_TO_32_BIT_CONVERSION = YES;
				GCC_WARN_ABOUT_RETURN_TYPE = YES_ERROR;
				GCC_WARN_UNDECLARED_SELECTOR = YES;
				GCC_WARN_UNINITIALIZED_AUTOS = YES_AGGRESSIVE;
				GCC_WARN_UNUSED_FUNCTION = YES;
				GCC_WARN_UNUSED_VARIABLE = YES;
				IPHONEOS_DEPLOYMENT_TARGET = 10.3;
				MTL_ENABLE_DEBUG_INFO = NO;
				SDKROOT = iphoneos;
				TARGETED_DEVICE_FAMILY = "1,2";
				VALIDATE_PRODUCT = YES;
			};
			name = Release;
		};
		EDE886F71F21182800634B07 /* Debug */ = {
			isa = XCBuildConfiguration;
			buildSettings = {
				ASSETCATALOG_COMPILER_APPICON_NAME = AppIcon;
				DEVELOPMENT_TEAM = 294FN9LFDB;
				INFOPLIST_FILE = "Receipts++/Info.plist";
				LD_RUNPATH_SEARCH_PATHS = "$(inherited) @executable_path/Frameworks";
				PRODUCT_BUNDLE_IDENTIFIER = "ca.shreve.Receipts--";
				PRODUCT_NAME = "$(TARGET_NAME)";
			};
			name = Debug;
		};
		EDE886F81F21182800634B07 /* Release */ = {
			isa = XCBuildConfiguration;
			buildSettings = {
				ASSETCATALOG_COMPILER_APPICON_NAME = AppIcon;
				DEVELOPMENT_TEAM = 294FN9LFDB;
				INFOPLIST_FILE = "Receipts++/Info.plist";
				LD_RUNPATH_SEARCH_PATHS = "$(inherited) @executable_path/Frameworks";
				PRODUCT_BUNDLE_IDENTIFIER = "ca.shreve.Receipts--";
				PRODUCT_NAME = "$(TARGET_NAME)";
			};
			name = Release;
		};
/* End XCBuildConfiguration section */

/* Begin XCConfigurationList section */
		EDE886D71F21182700634B07 /* Build configuration list for PBXProject "Receipts++" */ = {
			isa = XCConfigurationList;
			buildConfigurations = (
				EDE886F41F21182800634B07 /* Debug */,
				EDE886F51F21182800634B07 /* Release */,
			);
			defaultConfigurationIsVisible = 0;
			defaultConfigurationName = Release;
		};
		EDE886F61F21182800634B07 /* Build configuration list for PBXNativeTarget "Receipts++" */ = {
			isa = XCConfigurationList;
			buildConfigurations = (
				EDE886F71F21182800634B07 /* Debug */,
				EDE886F81F21182800634B07 /* Release */,
			);
			defaultConfigurationIsVisible = 0;
		};
/* End XCConfigurationList section */

/* Begin XCVersionGroup section */
		EDE886EB1F21182700634B07 /* Receipts__.xcdatamodeld */ = {
			isa = XCVersionGroup;
			children = (
				EDE886EC1F21182700634B07 /* Receipts__.xcdatamodel */,
			);
			currentVersion = EDE886EC1F21182700634B07 /* Receipts__.xcdatamodel */;
			path = Receipts__.xcdatamodeld;
			sourceTree = "<group>";
			versionGroupType = wrapper.xcdatamodel;
		};
/* End XCVersionGroup section */
	};
	rootObject = EDE886D41F21182700634B07 /* Project object */;
}
